
Microsoft Visual Studio Solution File, Format Version 11.00
# Visual Studio 2010
Project("{8BC9CEB8-8B4A-11D0-8D11-00A0C91BC942}") = "lab1", "lab1\lab1.vcxproj", "{FB389B1D-C99F-452B-805A-9EE9D4F7E9ED}"
EndProject
Global
	GlobalSection(SolutionConfigurationPlatforms) = preSolution
		Debug|Win32 = Debug|Win32
		Release|Win32 = Release|Win32
	EndGlobalSection
	GlobalSection(ProjectConfigurationPlatforms) = postSolution
		{FB389B1D-C99F-452B-805A-9EE9D4F7E9ED}.Debug|Win32.ActiveCfg = Debug|Win32
		{FB389B1D-C99F-452B-805A-9EE9D4F7E9ED}.Debug|Win32.Build.0 = Debug|Win32
		{FB389B1D-C99F-452B-805A-9EE9D4F7E9ED}.Release|Win32.ActiveCfg = Release|Win32
		{FB389B1D-C99F-452B-805A-9EE9D4F7E9ED}.Release|Win32.Build.0 = Release|Win32
	EndGlobalSection
	GlobalSection(SolutionProperties) = preSolution
		HideSolutionNode = FALSE
	EndGlobalSection
EndGlobal
